
Microsoft Visual Studio Solution File, Format Version 12.00
# Visual Studio Version 17
VisualStudioVersion = 17.3.32804.467
MinimumVisualStudioVersion = 10.0.40219.1
Project("{00D1A9C2-B5F0-4AF3-8072-F6C62B433612}") = "DataWarehouse.Sucos", "DataWarehouse.Sucos\DataWarehouse.Sucos.sqlproj", "{CA81B727-C35B-4FC8-B33E-C421942739A7}"
EndProject
Global
	GlobalSection(SolutionConfigurationPlatforms) = preSolution
		Debug|Any CPU = Debug|Any CPU
		Release|Any CPU = Release|Any CPU
	EndGlobalSection
	GlobalSection(ProjectConfigurationPlatforms) = postSolution
		{CA81B727-C35B-4FC8-B33E-C421942739A7}.Debug|Any CPU.ActiveCfg = Debug|Any CPU
		{CA81B727-C35B-4FC8-B33E-C421942739A7}.Debug|Any CPU.Build.0 = Debug|Any CPU
		{CA81B727-C35B-4FC8-B33E-C421942739A7}.Debug|Any CPU.Deploy.0 = Debug|Any CPU
		{CA81B727-C35B-4FC8-B33E-C421942739A7}.Release|Any CPU.ActiveCfg = Release|Any CPU
		{CA81B727-C35B-4FC8-B33E-C421942739A7}.Release|Any CPU.Build.0 = Release|Any CPU
		{CA81B727-C35B-4FC8-B33E-C421942739A7}.Release|Any CPU.Deploy.0 = Release|Any CPU
	EndGlobalSection
	GlobalSection(SolutionProperties) = preSolution
		HideSolutionNode = FALSE
	EndGlobalSection
	GlobalSection(ExtensibilityGlobals) = postSolution
		SolutionGuid = {7B946191-A8A1-49FE-9872-34798BAE8BDD}
	EndGlobalSection
EndGlobal
